
Microsoft Visual Studio Solution File, Format Version 12.00
# Visual Studio Version 16
VisualStudioVersion = 16.0.31005.135
MinimumVisualStudioVersion = 10.0.40219.1
Project("{9A19103F-16F7-4668-BE54-9A1E7A4F7556}") = "WebApiSpotify", "WebApiSpotify\WebApiSpotify.csproj", "{3C9D4A38-23BD-475C-A373-76979E1AD289}"
EndProject
Project("{2150E333-8FDC-42A3-9474-1A3956D46DE8}") = "AzureData", "AzureData", "{339D109D-BC6B-4437-B818-3FA2BAC34268}"
	ProjectSection(SolutionItems) = preProject
		..\..\AzureData.txt = ..\..\AzureData.txt
	EndProjectSection
EndProject
Project("{FAE04EC0-301F-11D3-BF4B-00C04F79EFBC}") = "AppSpotify.Android", "AppSpotify\AppSpotify.Android\AppSpotify.Android.csproj", "{62FB5347-8B1F-4834-BEE0-9814EA73A7E0}"
EndProject
Project("{FAE04EC0-301F-11D3-BF4B-00C04F79EFBC}") = "AppSpotify.iOS", "AppSpotify\AppSpotify.iOS\AppSpotify.iOS.csproj", "{B467195A-A2C4-46ED-AC7F-68517DB3DA40}"
EndProject
Project("{FAE04EC0-301F-11D3-BF4B-00C04F79EFBC}") = "AppSpotify", "AppSpotify\AppSpotify\AppSpotify.csproj", "{6BEA7089-5963-47F1-8BC7-240A23A3C0A6}"
EndProject
Global
	GlobalSection(SolutionConfigurationPlatforms) = preSolution
		Debug|Any CPU = Debug|Any CPU
		Debug|iPhone = Debug|iPhone
		Debug|iPhoneSimulator = Debug|iPhoneSimulator
		Release|Any CPU = Release|Any CPU
		Release|iPhone = Release|iPhone
		Release|iPhoneSimulator = Release|iPhoneSimulator
	EndGlobalSection
	GlobalSection(ProjectConfigurationPlatforms) = postSolution
		{3C9D4A38-23BD-475C-A373-76979E1AD289}.Debug|Any CPU.ActiveCfg = Debug|Any CPU
		{3C9D4A38-23BD-475C-A373-76979E1AD289}.Debug|Any CPU.Build.0 = Debug|Any CPU
		{3C9D4A38-23BD-475C-A373-76979E1AD289}.Debug|iPhone.ActiveCfg = Debug|Any CPU
		{3C9D4A38-23BD-475C-A373-76979E1AD289}.Debug|iPhone.Build.0 = Debug|Any CPU
		{3C9D4A38-23BD-475C-A373-76979E1AD289}.Debug|iPhoneSimulator.ActiveCfg = Debug|Any CPU
		{3C9D4A38-23BD-475C-A373-76979E1AD289}.Debug|iPhoneSimulator.Build.0 = Debug|Any CPU
		{3C9D4A38-23BD-475C-A373-76979E1AD289}.Release|Any CPU.ActiveCfg = Release|Any CPU
		{3C9D4A38-23BD-475C-A373-76979E1AD289}.Release|Any CPU.Build.0 = Release|Any CPU
		{3C9D4A38-23BD-475C-A373-76979E1AD289}.Release|iPhone.ActiveCfg = Release|Any CPU
		{3C9D4A38-23BD-475C-A373-76979E1AD289}.Release|iPhone.Build.0 = Release|Any CPU
		{3C9D4A38-23BD-475C-A373-76979E1AD289}.Release|iPhoneSimulator.ActiveCfg = Release|Any CPU
		{3C9D4A38-23BD-475C-A373-76979E1AD289}.Release|iPhoneSimulator.Build.0 = Release|Any CPU
		{62FB5347-8B1F-4834-BEE0-9814EA73A7E0}.Debug|Any CPU.ActiveCfg = Debug|Any CPU
		{62FB5347-8B1F-4834-BEE0-9814EA73A7E0}.Debug|Any CPU.Build.0 = Debug|Any CPU
		{62FB5347-8B1F-4834-BEE0-9814EA73A7E0}.Debug|Any CPU.Deploy.0 = Debug|Any CPU
		{62FB5347-8B1F-4834-BEE0-9814EA73A7E0}.Debug|iPhone.ActiveCfg = Debug|Any CPU
		{62FB5347-8B1F-4834-BEE0-9814EA73A7E0}.Debug|iPhone.Build.0 = Debug|Any CPU
		{62FB5347-8B1F-4834-BEE0-9814EA73A7E0}.Debug|iPhone.Deploy.0 = Debug|Any CPU
		{62FB5347-8B1F-4834-BEE0-9814EA73A7E0}.Debug|iPhoneSimulator.ActiveCfg = Debug|Any CPU
		{62FB5347-8B1F-4834-BEE0-9814EA73A7E0}.Debug|iPhoneSimulator.Build.0 = Debug|Any CPU
		{62FB5347-8B1F-4834-BEE0-9814EA73A7E0}.Debug|iPhoneSimulator.Deploy.0 = Debug|Any CPU
		{62FB5347-8B1F-4834-BEE0-9814EA73A7E0}.Release|Any CPU.ActiveCfg = Release|Any CPU
		{62FB5347-8B1F-4834-BEE0-9814EA73A7E0}.Release|Any CPU.Build.0 = Release|Any CPU
		{62FB5347-8B1F-4834-BEE0-9814EA73A7E0}.Release|Any CPU.Deploy.0 = Release|Any CPU
		{62FB5347-8B1F-4834-BEE0-9814EA73A7E0}.Release|iPhone.ActiveCfg = Release|Any CPU
		{62FB5347-8B1F-4834-BEE0-9814EA73A7E0}.Release|iPhone.Build.0 = Release|Any CPU
		{62FB5347-8B1F-4834-BEE0-9814EA73A7E0}.Release|iPhone.Deploy.0 = Release|Any CPU
		{62FB5347-8B1F-4834-BEE0-9814EA73A7E0}.Release|iPhoneSimulator.ActiveCfg = Release|Any CPU
		{62FB5347-8B1F-4834-BEE0-9814EA73A7E0}.Release|iPhoneSimulator.Build.0 = Release|Any CPU
		{62FB5347-8B1F-4834-BEE0-9814EA73A7E0}.Release|iPhoneSimulator.Deploy.0 = Release|Any CPU
		{B467195A-A2C4-46ED-AC7F-68517DB3DA40}.Debug|Any CPU.ActiveCfg = Debug|iPhoneSimulator
		{B467195A-A2C4-46ED-AC7F-68517DB3DA40}.Debug|iPhone.ActiveCfg = Debug|iPhone
		{B467195A-A2C4-46ED-AC7F-68517DB3DA40}.Debug|iPhone.Build.0 = Debug|iPhone
		{B467195A-A2C4-46ED-AC7F-68517DB3DA40}.Debug|iPhoneSimulator.ActiveCfg = Debug|iPhoneSimulator
		{B467195A-A2C4-46ED-AC7F-68517DB3DA40}.Debug|iPhoneSimulator.Build.0 = Debug|iPhoneSimulator
		{B467195A-A2C4-46ED-AC7F-68517DB3DA40}.Release|Any CPU.ActiveCfg = Release|iPhoneSimulator
		{B467195A-A2C4-46ED-AC7F-68517DB3DA40}.Release|iPhone.ActiveCfg = Release|iPhone
		{B467195A-A2C4-46ED-AC7F-68517DB3DA40}.Release|iPhone.Build.0 = Release|iPhone
		{B467195A-A2C4-46ED-AC7F-68517DB3DA40}.Release|iPhoneSimulator.ActiveCfg = Release|iPhoneSimulator
		{B467195A-A2C4-46ED-AC7F-68517DB3DA40}.Release|iPhoneSimulator.Build.0 = Release|iPhoneSimulator
		{6BEA7089-5963-47F1-8BC7-240A23A3C0A6}.Debug|Any CPU.ActiveCfg = Debug|Any CPU
		{6BEA7089-5963-47F1-8BC7-240A23A3C0A6}.Debug|Any CPU.Build.0 = Debug|Any CPU
		{6BEA7089-5963-47F1-8BC7-240A23A3C0A6}.Debug|iPhone.ActiveCfg = Debug|Any CPU
		{6BEA7089-5963-47F1-8BC7-240A23A3C0A6}.Debug|iPhone.Build.0 = Debug|Any CPU
		{6BEA7089-5963-47F1-8BC7-240A23A3C0A6}.Debug|iPhoneSimulator.ActiveCfg = Debug|Any CPU
		{6BEA7089-5963-47F1-8BC7-240A23A3C0A6}.Debug|iPhoneSimulator.Build.0 = Debug|Any CPU
		{6BEA7089-5963-47F1-8BC7-240A23A3C0A6}.Release|Any CPU.ActiveCfg = Release|Any CPU
		{6BEA7089-5963-47F1-8BC7-240A23A3C0A6}.Release|Any CPU.Build.0 = Release|Any CPU
		{6BEA7089-5963-47F1-8BC7-240A23A3C0A6}.Release|iPhone.ActiveCfg = Release|Any CPU
		{6BEA7089-5963-47F1-8BC7-240A23A3C0A6}.Release|iPhone.Build.0 = Release|Any CPU
		{6BEA7089-5963-47F1-8BC7-240A23A3C0A6}.Release|iPhoneSimulator.ActiveCfg = Release|Any CPU
		{6BEA7089-5963-47F1-8BC7-240A23A3C0A6}.Release|iPhoneSimulator.Build.0 = Release|Any CPU
	EndGlobalSection
	GlobalSection(SolutionProperties) = preSolution
		HideSolutionNode = FALSE
	EndGlobalSection
	GlobalSection(ExtensibilityGlobals) = postSolution
		SolutionGuid = {BFEED75A-EFF3-4E26-8A18-2D589EB83EF3}
	EndGlobalSection
EndGlobal
